
Microsoft Visual Studio Solution File, Format Version 12.00
# Visual Studio Version 17
VisualStudioVersion = 17.0.0.0
MinimumVisualStudioVersion = 10.0.40219.1
Project("{FAE04EC0-301F-11D3-BF4B-00C04F79EFBC}") = "CobraBridge.Bridge", "CobraBridge.Bridge\CobraBridge.Bridge.csproj", "{A1B2C3D4-0001-4000-8000-000000000001}"
EndProject
Project("{FAE04EC0-301F-11D3-BF4B-00C04F79EFBC}") = "CobraBridge.Gateway", "CobraBridge.Gateway\CobraBridge.Gateway.csproj", "{8081311E-5E8D-4C67-8017-1FEC611F3EAB}"
EndProject
Project("{FAE04EC0-301F-11D3-BF4B-00C04F79EFBC}") = "CobraBridge.Gateway.Tests", "CobraBridge.Gateway.Tests\CobraBridge.Gateway.Tests.csproj", "{D5A87685-C614-46FD-A17C-3A14ECAE0040}"
EndProject
Project("{FAE04EC0-301F-11D3-BF4B-00C04F79EFBC}") = "CobraBridge.Domain", "CobraBridge.Domain\CobraBridge.Domain.csproj", "{8F9F033B-EB11-40DE-B676-5A25AAFCB35A}"
EndProject
Project("{FAE04EC0-301F-11D3-BF4B-00C04F79EFBC}") = "CobraBridge.Domain.Tests", "CobraBridge.Domain.Tests\CobraBridge.Domain.Tests.csproj", "{96CD4C60-AF84-4472-AE31-F759B0CB8EE9}"
EndProject
Project("{FAE04EC0-301F-11D3-BF4B-00C04F79EFBC}") = "CobraBridge.AccountsService", "CobraBridge.AccountsService\CobraBridge.AccountsService.csproj", "{0C10617C-9D49-481F-B728-0006888D35A5}"
EndProject
Project("{FAE04EC0-301F-11D3-BF4B-00C04F79EFBC}") = "CobraBridge.AccountsService.Tests", "CobraBridge.AccountsService.Tests\CobraBridge.AccountsService.Tests.csproj", "{A4A0C9EB-2B3D-4301-A67C-B600DAD8FEC5}"
EndProject
Project("{FAE04EC0-301F-11D3-BF4B-00C04F79EFBC}") = "CobraBridge.CustomersService", "CobraBridge.CustomersService\CobraBridge.CustomersService.csproj", "{6D8BDE2C-7550-460E-8705-AAC27663AB4D}"
EndProject
Project("{FAE04EC0-301F-11D3-BF4B-00C04F79EFBC}") = "CobraBridge.CustomersService.Tests", "CobraBridge.CustomersService.Tests\CobraBridge.CustomersService.Tests.csproj", "{085E4F0E-715F-4A9D-B80B-0179AC9A584A}"
EndProject
Global
	GlobalSection(SolutionConfigurationPlatforms) = preSolution
		Debug|Any CPU = Debug|Any CPU
		Debug|x64 = Debug|x64
		Debug|x86 = Debug|x86
		Release|Any CPU = Release|Any CPU
		Release|x64 = Release|x64
		Release|x86 = Release|x86
	EndGlobalSection
	GlobalSection(ProjectConfigurationPlatforms) = postSolution
		{A1B2C3D4-0001-4000-8000-000000000001}.Debug|Any CPU.ActiveCfg = Debug|Any CPU
		{A1B2C3D4-0001-4000-8000-000000000001}.Debug|Any CPU.Build.0 = Debug|Any CPU
		{A1B2C3D4-0001-4000-8000-000000000001}.Debug|x64.ActiveCfg = Debug|Any CPU
		{A1B2C3D4-0001-4000-8000-000000000001}.Debug|x64.Build.0 = Debug|Any CPU
		{A1B2C3D4-0001-4000-8000-000000000001}.Debug|x86.ActiveCfg = Debug|Any CPU
		{A1B2C3D4-0001-4000-8000-000000000001}.Debug|x86.Build.0 = Debug|Any CPU
		{A1B2C3D4-0001-4000-8000-000000000001}.Release|Any CPU.ActiveCfg = Release|Any CPU
		{A1B2C3D4-0001-4000-8000-000000000001}.Release|Any CPU.Build.0 = Release|Any CPU
		{A1B2C3D4-0001-4000-8000-000000000001}.Release|x64.ActiveCfg = Release|Any CPU
		{A1B2C3D4-0001-4000-8000-000000000001}.Release|x64.Build.0 = Release|Any CPU
		{A1B2C3D4-0001-4000-8000-000000000001}.Release|x86.ActiveCfg = Release|Any CPU
		{A1B2C3D4-0001-4000-8000-000000000001}.Release|x86.Build.0 = Release|Any CPU
		{8081311E-5E8D-4C67-8017-1FEC611F3EAB}.Debug|Any CPU.ActiveCfg = Debug|Any CPU
		{8081311E-5E8D-4C67-8017-1FEC611F3EAB}.Debug|Any CPU.Build.0 = Debug|Any CPU
		{8081311E-5E8D-4C67-8017-1FEC611F3EAB}.Debug|x64.ActiveCfg = Debug|Any CPU
		{8081311E-5E8D-4C67-8017-1FEC611F3EAB}.Debug|x64.Build.0 = Debug|Any CPU
		{8081311E-5E8D-4C67-8017-1FEC611F3EAB}.Debug|x86.ActiveCfg = Debug|Any CPU
		{8081311E-5E8D-4C67-8017-1FEC611F3EAB}.Debug|x86.Build.0 = Debug|Any CPU
		{8081311E-5E8D-4C67-8017-1FEC611F3EAB}.Release|Any CPU.ActiveCfg = Release|Any CPU
		{8081311E-5E8D-4C67-8017-1FEC611F3EAB}.Release|Any CPU.Build.0 = Release|Any CPU
		{8081311E-5E8D-4C67-8017-1FEC611F3EAB}.Release|x64.ActiveCfg = Release|Any CPU
		{8081311E-5E8D-4C67-8017-1FEC611F3EAB}.Release|x64.Build.0 = Release|Any CPU
		{8081311E-5E8D-4C67-8017-1FEC611F3EAB}.Release|x86.ActiveCfg = Release|Any CPU
		{8081311E-5E8D-4C67-8017-1FEC611F3EAB}.Release|x86.Build.0 = Release|Any CPU
		{D5A87685-C614-46FD-A17C-3A14ECAE0040}.Debug|Any CPU.ActiveCfg = Debug|Any CPU
		{D5A87685-C614-46FD-A17C-3A14ECAE0040}.Debug|Any CPU.Build.0 = Debug|Any CPU
		{D5A87685-C614-46FD-A17C-3A14ECAE0040}.Debug|x64.ActiveCfg = Debug|Any CPU
		{D5A87685-C614-46FD-A17C-3A14ECAE0040}.Debug|x64.Build.0 = Debug|Any CPU
		{D5A87685-C614-46FD-A17C-3A14ECAE0040}.Debug|x86.ActiveCfg = Debug|Any CPU
		{D5A87685-C614-46FD-A17C-3A14ECAE0040}.Debug|x86.Build.0 = Debug|Any CPU
		{D5A87685-C614-46FD-A17C-3A14ECAE0040}.Release|Any CPU.ActiveCfg = Release|Any CPU
		{D5A87685-C614-46FD-A17C-3A14ECAE0040}.Release|Any CPU.Build.0 = Release|Any CPU
		{D5A87685-C614-46FD-A17C-3A14ECAE0040}.Release|x64.ActiveCfg = Release|Any CPU
		{D5A87685-C614-46FD-A17C-3A14ECAE0040}.Release|x64.Build.0 = Release|Any CPU
		{D5A87685-C614-46FD-A17C-3A14ECAE0040}.Release|x86.ActiveCfg = Release|Any CPU
		{D5A87685-C614-46FD-A17C-3A14ECAE0040}.Release|x86.Build.0 = Release|Any CPU
		{8F9F033B-EB11-40DE-B676-5A25AAFCB35A}.Debug|Any CPU.ActiveCfg = Debug|Any CPU
		{8F9F033B-EB11-40DE-B676-5A25AAFCB35A}.Debug|Any CPU.Build.0 = Debug|Any CPU
		{8F9F033B-EB11-40DE-B676-5A25AAFCB35A}.Debug|x64.ActiveCfg = Debug|Any CPU
		{8F9F033B-EB11-40DE-B676-5A25AAFCB35A}.Debug|x64.Build.0 = Debug|Any CPU
		{8F9F033B-EB11-40DE-B676-5A25AAFCB35A}.Debug|x86.ActiveCfg = Debug|Any CPU
		{8F9F033B-EB11-40DE-B676-5A25AAFCB35A}.Debug|x86.Build.0 = Debug|Any CPU
		{8F9F033B-EB11-40DE-B676-5A25AAFCB35A}.Release|Any CPU.ActiveCfg = Release|Any CPU
		{8F9F033B-EB11-40DE-B676-5A25AAFCB35A}.Release|Any CPU.Build.0 = Release|Any CPU
		{8F9F033B-EB11-40DE-B676-5A25AAFCB35A}.Release|x64.ActiveCfg = Release|Any CPU
		{8F9F033B-EB11-40DE-B676-5A25AAFCB35A}.Release|x64.Build.0 = Release|Any CPU
		{8F9F033B-EB11-40DE-B676-5A25AAFCB35A}.Release|x86.ActiveCfg = Release|Any CPU
		{8F9F033B-EB11-40DE-B676-5A25AAFCB35A}.Release|x86.Build.0 = Release|Any CPU
		{96CD4C60-AF84-4472-AE31-F759B0CB8EE9}.Debug|Any CPU.ActiveCfg = Debug|Any CPU
		{96CD4C60-AF84-4472-AE31-F759B0CB8EE9}.Debug|Any CPU.Build.0 = Debug|Any CPU
		{96CD4C60-AF84-4472-AE31-F759B0CB8EE9}.Debug|x64.ActiveCfg = Debug|Any CPU
		{96CD4C60-AF84-4472-AE31-F759B0CB8EE9}.Debug|x64.Build.0 = Debug|Any CPU
		{96CD4C60-AF84-4472-AE31-F759B0CB8EE9}.Debug|x86.ActiveCfg = Debug|Any CPU
		{96CD4C60-AF84-4472-AE31-F759B0CB8EE9}.Debug|x86.Build.0 = Debug|Any CPU
		{96CD4C60-AF84-4472-AE31-F759B0CB8EE9}.Release|Any CPU.ActiveCfg = Release|Any CPU
		{96CD4C60-AF84-4472-AE31-F759B0CB8EE9}.Release|Any CPU.Build.0 = Release|Any CPU
		{96CD4C60-AF84-4472-AE31-F759B0CB8EE9}.Release|x64.ActiveCfg = Release|Any CPU
		{96CD4C60-AF84-4472-AE31-F759B0CB8EE9}.Release|x64.Build.0 = Release|Any CPU
		{96CD4C60-AF84-4472-AE31-F759B0CB8EE9}.Release|x86.ActiveCfg = Release|Any CPU
		{96CD4C60-AF84-4472-AE31-F759B0CB8EE9}.Release|x86.Build.0 = Release|Any CPU
		{0C10617C-9D49-481F-B728-0006888D35A5}.Debug|Any CPU.ActiveCfg = Debug|Any CPU
		{0C10617C-9D49-481F-B728-0006888D35A5}.Debug|Any CPU.Build.0 = Debug|Any CPU
		{0C10617C-9D49-481F-B728-0006888D35A5}.Debug|x64.ActiveCfg = Debug|Any CPU
		{0C10617C-9D49-481F-B728-0006888D35A5}.Debug|x64.Build.0 = Debug|Any CPU
		{0C10617C-9D49-481F-B728-0006888D35A5}.Debug|x86.ActiveCfg = Debug|Any CPU
		{0C10617C-9D49-481F-B728-0006888D35A5}.Debug|x86.Build.0 = Debug|Any CPU
		{0C10617C-9D49-481F-B728-0006888D35A5}.Release|Any CPU.ActiveCfg = Release|Any CPU
		{0C10617C-9D49-481F-B728-0006888D35A5}.Release|Any CPU.Build.0 = Release|Any CPU
		{0C10617C-9D49-481F-B728-0006888D35A5}.Release|x64.ActiveCfg = Release|Any CPU
		{0C10617C-9D49-481F-B728-0006888D35A5}.Release|x64.Build.0 = Release|Any CPU
		{0C10617C-9D49-481F-B728-0006888D35A5}.Release|x86.ActiveCfg = Release|Any CPU
		{0C10617C-9D49-481F-B728-0006888D35A5}.Release|x86.Build.0 = Release|Any CPU
		{A4A0C9EB-2B3D-4301-A67C-B600DAD8FEC5}.Debug|Any CPU.ActiveCfg = Debug|Any CPU
		{A4A0C9EB-2B3D-4301-A67C-B600DAD8FEC5}.Debug|Any CPU.Build.0 = Debug|Any CPU
		{A4A0C9EB-2B3D-4301-A67C-B600DAD8FEC5}.Debug|x64.ActiveCfg = Debug|Any CPU
		{A4A0C9EB-2B3D-4301-A67C-B600DAD8FEC5}.Debug|x64.Build.0 = Debug|Any CPU
		{A4A0C9EB-2B3D-4301-A67C-B600DAD8FEC5}.Debug|x86.ActiveCfg = Debug|Any CPU
		{A4A0C9EB-2B3D-4301-A67C-B600DAD8FEC5}.Debug|x86.Build.0 = Debug|Any CPU
		{A4A0C9EB-2B3D-4301-A67C-B600DAD8FEC5}.Release|Any CPU.ActiveCfg = Release|Any CPU
		{A4A0C9EB-2B3D-4301-A67C-B600DAD8FEC5}.Release|Any CPU.Build.0 = Release|Any CPU
		{A4A0C9EB-2B3D-4301-A67C-B600DAD8FEC5}.Release|x64.ActiveCfg = Release|Any CPU
		{A4A0C9EB-2B3D-4301-A67C-B600DAD8FEC5}.Release|x64.Build.0 = Release|Any CPU
		{A4A0C9EB-2B3D-4301-A67C-B600DAD8FEC5}.Release|x86.ActiveCfg = Release|Any CPU
		{A4A0C9EB-2B3D-4301-A67C-B600DAD8FEC5}.Release|x86.Build.0 = Release|Any CPU
		{6D8BDE2C-7550-460E-8705-AAC27663AB4D}.Debug|Any CPU.ActiveCfg = Debug|Any CPU
		{6D8BDE2C-7550-460E-8705-AAC27663AB4D}.Debug|Any CPU.Build.0 = Debug|Any CPU
		{6D8BDE2C-7550-460E-8705-AAC27663AB4D}.Debug|x64.ActiveCfg = Debug|Any CPU
		{6D8BDE2C-7550-460E-8705-AAC27663AB4D}.Debug|x64.Build.0 = Debug|Any CPU
		{6D8BDE2C-7550-460E-8705-AAC27663AB4D}.Debug|x86.ActiveCfg = Debug|Any CPU
		{6D8BDE2C-7550-460E-8705-AAC27663AB4D}.Debug|x86.Build.0 = Debug|Any CPU
		{6D8BDE2C-7550-460E-8705-AAC27663AB4D}.Release|Any CPU.ActiveCfg = Release|Any CPU
		{6D8BDE2C-7550-460E-8705-AAC27663AB4D}.Release|Any CPU.Build.0 = Release|Any CPU
		{6D8BDE2C-7550-460E-8705-AAC27663AB4D}.Release|x64.ActiveCfg = Release|Any CPU
		{6D8BDE2C-7550-460E-8705-AAC27663AB4D}.Release|x64.Build.0 = Release|Any CPU
		{6D8BDE2C-7550-460E-8705-AAC27663AB4D}.Release|x86.ActiveCfg = Release|Any CPU
		{6D8BDE2C-7550-460E-8705-AAC27663AB4D}.Release|x86.Build.0 = Release|Any CPU
		{085E4F0E-715F-4A9D-B80B-0179AC9A584A}.Debug|Any CPU.ActiveCfg = Debug|Any CPU
		{085E4F0E-715F-4A9D-B80B-0179AC9A584A}.Debug|Any CPU.Build.0 = Debug|Any CPU
		{085E4F0E-715F-4A9D-B80B-0179AC9A584A}.Debug|x64.ActiveCfg = Debug|Any CPU
		{085E4F0E-715F-4A9D-B80B-0179AC9A584A}.Debug|x64.Build.0 = Debug|Any CPU
		{085E4F0E-715F-4A9D-B80B-0179AC9A584A}.Debug|x86.ActiveCfg = Debug|Any CPU
		{085E4F0E-715F-4A9D-B80B-0179AC9A584A}.Debug|x86.Build.0 = Debug|Any CPU
		{085E4F0E-715F-4A9D-B80B-0179AC9A584A}.Release|Any CPU.ActiveCfg = Release|Any CPU
		{085E4F0E-715F-4A9D-B80B-0179AC9A584A}.Release|Any CPU.Build.0 = Release|Any CPU
		{085E4F0E-715F-4A9D-B80B-0179AC9A584A}.Release|x64.ActiveCfg = Release|Any CPU
		{085E4F0E-715F-4A9D-B80B-0179AC9A584A}.Release|x64.Build.0 = Release|Any CPU
		{085E4F0E-715F-4A9D-B80B-0179AC9A584A}.Release|x86.ActiveCfg = Release|Any CPU
		{085E4F0E-715F-4A9D-B80B-0179AC9A584A}.Release|x86.Build.0 = Release|Any CPU
	EndGlobalSection
	GlobalSection(SolutionProperties) = preSolution
		HideSolutionNode = FALSE
	EndGlobalSection
EndGlobal
